// !$*UTF8*$!
{
	archiveVersion = 1;
	classes = {
	};
	objectVersion = 46;
	objects = {

/* Begin PBXBuildFile section */
		1AC886ED1BA86A9800DE373A /* start.png in Resources */ = {isa = PBXBuildFile; fileRef = 1AC886EC1BA86A9800DE373A /* start.png */; };
		1AC886EF1BA86AAC00DE373A /* pause.png in Resources */ = {isa = PBXBuildFile; fileRef = 1AC886EE1BA86AAC00DE373A /* pause.png */; };
		643E11611B96D47400925B3C /* MapKit.framework in Frameworks */ = {isa = PBXBuildFile; fileRef = 643E11601B96D47400925B3C /* MapKit.framework */; };
		643E11631B96D48100925B3C /* CoreLocation.framework in Frameworks */ = {isa = PBXBuildFile; fileRef = 643E11621B96D48100925B3C /* CoreLocation.framework */; };
		647F8B841B8B032400DF3A4F /* AppDelegate.m in Sources */ = {isa = PBXBuildFile; fileRef = 647F8B731B8B032400DF3A4F /* AppDelegate.m */; };
		647F8B851B8B032400DF3A4F /* LaunchScreen.xib in Resources */ = {isa = PBXBuildFile; fileRef = 647F8B741B8B032400DF3A4F /* LaunchScreen.xib */; };
		647F8B861B8B032400DF3A4F /* Main.storyboard in Resources */ = {isa = PBXBuildFile; fileRef = 647F8B761B8B032400DF3A4F /* Main.storyboard */; };
		647F8B871B8B032400DF3A4F /* customView.m in Sources */ = {isa = PBXBuildFile; fileRef = 647F8B791B8B032400DF3A4F /* customView.m */; };
		647F8B881B8B032400DF3A4F /* firstViewController.m in Sources */ = {isa = PBXBuildFile; fileRef = 647F8B7B1B8B032400DF3A4F /* firstViewController.m */; };
		647F8B891B8B032400DF3A4F /* Images.xcassets in Resources */ = {isa = PBXBuildFile; fileRef = 647F8B7C1B8B032400DF3A4F /* Images.xcassets */; };
		647F8B8A1B8B032400DF3A4F /* Info.plist in Resources */ = {isa = PBXBuildFile; fileRef = 647F8B7D1B8B032400DF3A4F /* Info.plist */; };
		647F8B8B1B8B032400DF3A4F /* main.m in Sources */ = {isa = PBXBuildFile; fileRef = 647F8B7E1B8B032400DF3A4F /* main.m */; };
		647F8B8C1B8B032400DF3A4F /* UIView+ZCSAssociatedObjc.m in Sources */ = {isa = PBXBuildFile; fileRef = 647F8B801B8B032400DF3A4F /* UIView+ZCSAssociatedObjc.m */; };
		647F8B8D1B8B032400DF3A4F /* ViewController.m in Sources */ = {isa = PBXBuildFile; fileRef = 647F8B821B8B032400DF3A4F /* ViewController.m */; };
		647F8B941B8B07B800DF3A4F /* secondViewController.m in Sources */ = {isa = PBXBuildFile; fileRef = 647F8B931B8B07B800DF3A4F /* secondViewController.m */; };
		64A821D21B8588400085B37D /* IOSStudySummaryDemoTests.m in Sources */ = {isa = PBXBuildFile; fileRef = 64A821D11B8588400085B37D /* IOSStudySummaryDemoTests.m */; };
		64D072CD1B94290100108C45 /* MCFireworksButton.m in Sources */ = {isa = PBXBuildFile; fileRef = 64D072CA1B94290100108C45 /* MCFireworksButton.m */; };
		64D072CE1B94290100108C45 /* MCFireworksView.m in Sources */ = {isa = PBXBuildFile; fileRef = 64D072CC1B94290100108C45 /* MCFireworksView.m */; };
		64D072D21B94295C00108C45 /* DWBubbleMenuButton.m in Sources */ = {isa = PBXBuildFile; fileRef = 64D072D11B94295C00108C45 /* DWBubbleMenuButton.m */; };
		64D072DA1B9429BF00108C45 /* DCPathButton.m in Sources */ = {isa = PBXBuildFile; fileRef = 64D072D51B9429BF00108C45 /* DCPathButton.m */; };
		64D072DB1B9429BF00108C45 /* DCPathCenterButton.m in Sources */ = {isa = PBXBuildFile; fileRef = 64D072D71B9429BF00108C45 /* DCPathCenterButton.m */; };
		64D072DC1B9429BF00108C45 /* DCPathItemButton.m in Sources */ = {isa = PBXBuildFile; fileRef = 64D072D91B9429BF00108C45 /* DCPathItemButton.m */; };
		64D072E11B942A1E00108C45 /* bloom.caf in Resources */ = {isa = PBXBuildFile; fileRef = 64D072DE1B942A1E00108C45 /* bloom.caf */; };
		64D072E21B942A1E00108C45 /* fold.caf in Resources */ = {isa = PBXBuildFile; fileRef = 64D072DF1B942A1E00108C45 /* fold.caf */; };
		64D072E31B942A1E00108C45 /* selected.caf in Resources */ = {isa = PBXBuildFile; fileRef = 64D072E01B942A1E00108C45 /* selected.caf */; };
		64D072F81B942A6500108C45 /* chooser-button-input-highlighted@2x.png in Resources */ = {isa = PBXBuildFile; fileRef = 64D072E51B942A6500108C45 /* chooser-button-input-highlighted@2x.png */; };
		64D072F91B942A6500108C45 /* chooser-button-input@2x.png in Resources */ = {isa = PBXBuildFile; fileRef = 64D072E61B942A6500108C45 /* chooser-button-input@2x.png */; };
		64D072FA1B942A6500108C45 /* chooser-button-tab-highlighted@2x.png in Resources */ = {isa = PBXBuildFile; fileRef = 64D072E71B942A6500108C45 /* chooser-button-tab-highlighted@2x.png */; };
		64D072FB1B942A6500108C45 /* chooser-button-tab@2x.png in Resources */ = {isa = PBXBuildFile; fileRef = 64D072E81B942A6500108C45 /* chooser-button-tab@2x.png */; };
		64D072FC1B942A6500108C45 /* chooser-moment-button-highlighted@2x.png in Resources */ = {isa = PBXBuildFile; fileRef = 64D072E91B942A6500108C45 /* chooser-moment-button-highlighted@2x.png */; };
		64D072FD1B942A6500108C45 /* chooser-moment-button@2x.png in Resources */ = {isa = PBXBuildFile; fileRef = 64D072EA1B942A6500108C45 /* chooser-moment-button@2x.png */; };
		64D072FE1B942A6500108C45 /* chooser-moment-icon-camera-highlighted@2x.png in Resources */ = {isa = PBXBuildFile; fileRef = 64D072EB1B942A6500108C45 /* chooser-moment-icon-camera-highlighted@2x.png */; };
		64D072FF1B942A6500108C45 /* chooser-moment-icon-camera@2x.png in Resources */ = {isa = PBXBuildFile; fileRef = 64D072EC1B942A6500108C45 /* chooser-moment-icon-camera@2x.png */; };
		64D073001B942A6500108C45 /* chooser-moment-icon-music-highlighted@2x.png in Resources */ = {isa = PBXBuildFile; fileRef = 64D072ED1B942A6500108C45 /* chooser-moment-icon-music-highlighted@2x.png */; };
		64D073011B942A6500108C45 /* chooser-moment-icon-music@2x.png in Resources */ = {isa = PBXBuildFile; fileRef = 64D072EE1B942A6500108C45 /* chooser-moment-icon-music@2x.png */; };
		64D073021B942A6500108C45 /* chooser-moment-icon-place-highlighted@2x.png in Resources */ = {isa = PBXBuildFile; fileRef = 64D072EF1B942A6500108C45 /* chooser-moment-icon-place-highlighted@2x.png */; };
		64D073031B942A6500108C45 /* chooser-moment-icon-place@2x.png in Resources */ = {isa = PBXBuildFile; fileRef = 64D072F01B942A6500108C45 /* chooser-moment-icon-place@2x.png */; };
		64D073041B942A6500108C45 /* chooser-moment-icon-sleep-highlighted@2x.png in Resources */ = {isa = PBXBuildFile; fileRef = 64D072F11B942A6500108C45 /* chooser-moment-icon-sleep-highlighted@2x.png */; };
		64D073051B942A6500108C45 /* chooser-moment-icon-sleep@2x.png in Resources */ = {isa = PBXBuildFile; fileRef = 64D072F21B942A6500108C45 /* chooser-moment-icon-sleep@2x.png */; };
		64D073061B942A6500108C45 /* chooser-moment-icon-thought-highlighted@2x.png in Resources */ = {isa = PBXBuildFile; fileRef = 64D072F31B942A6500108C45 /* chooser-moment-icon-thought-highlighted@2x.png */; };
		64D073071B942A6500108C45 /* chooser-moment-icon-thought@2x.png in Resources */ = {isa = PBXBuildFile; fileRef = 64D072F41B942A6500108C45 /* chooser-moment-icon-thought@2x.png */; };
		64D073081B942A6500108C45 /* Like-Blue@2x.png in Resources */ = {isa = PBXBuildFile; fileRef = 64D072F51B942A6500108C45 /* Like-Blue@2x.png */; };
		64D073091B942A6500108C45 /* Like@2x.png in Resources */ = {isa = PBXBuildFile; fileRef = 64D072F61B942A6500108C45 /* Like@2x.png */; };
		64D0730A1B942A6500108C45 /* Sparkle.png in Resources */ = {isa = PBXBuildFile; fileRef = 64D072F71B942A6500108C45 /* Sparkle.png */; };
		64D25EF01B9599B700C05F15 /* myAnnotation.m in Sources */ = {isa = PBXBuildFile; fileRef = 64D25EEF1B9599B700C05F15 /* myAnnotation.m */; };
		64D869FC1BB23FDF002E8799 /* BaseAnimationViewController.m in Sources */ = {isa = PBXBuildFile; fileRef = 64D869F31BB23FDF002E8799 /* BaseAnimationViewController.m */; };
		64D869FD1BB23FDF002E8799 /* ComprehensiveCaseViewController.m in Sources */ = {isa = PBXBuildFile; fileRef = 64D869F51BB23FDF002E8799 /* ComprehensiveCaseViewController.m */; };
		64D869FE1BB23FDF002E8799 /* GroupAnimationViewController.m in Sources */ = {isa = PBXBuildFile; fileRef = 64D869F71BB23FDF002E8799 /* GroupAnimationViewController.m */; };
		64D869FF1BB23FDF002E8799 /* KeyFrameAnimationViewController.m in Sources */ = {isa = PBXBuildFile; fileRef = 64D869F91BB23FDF002E8799 /* KeyFrameAnimationViewController.m */; };
		64D86A001BB23FDF002E8799 /* TransitionAnimationViewController.m in Sources */ = {isa = PBXBuildFile; fileRef = 64D869FB1BB23FDF002E8799 /* TransitionAnimationViewController.m */; };
		64D86A041BB24023002E8799 /* PhotoBrowserController.m in Sources */ = {isa = PBXBuildFile; fileRef = 64D86A031BB24023002E8799 /* PhotoBrowserController.m */; };
		64D86A081BB2403C002E8799 /* DownloadViewController.m in Sources */ = {isa = PBXBuildFile; fileRef = 64D86A071BB2403C002E8799 /* DownloadViewController.m */; };
		64FF767F1B8C45EC0017E09F /* ZCSAnimatorTransitioning.m in Sources */ = {isa = PBXBuildFile; fileRef = 64FF767E1B8C45EC0017E09F /* ZCSAnimatorTransitioning.m */; };
/* End PBXBuildFile section */

/* Begin PBXContainerItemProxy section */
		64A821CC1B8588400085B37D /* PBXContainerItemProxy */ = {
			isa = PBXContainerItemProxy;
			containerPortal = 64A821AA1B85883F0085B37D /* Project object */;
			proxyType = 1;
			remoteGlobalIDString = 64A821B11B85883F0085B37D;
			remoteInfo = IOSStudySummaryDemo;
		};
/* End PBXContainerItemProxy section */

/* Begin PBXFileReference section */
		1AA5B9BB1B90A4040021B9D0 /* PrefixHeader.pch */ = {isa = PBXFileReference; fileEncoding = 4; lastKnownFileType = sourcecode.c.h; path = PrefixHeader.pch; sourceTree = "<group>"; };
		1AC886EC1BA86A9800DE373A /* start.png */ = {isa = PBXFileReference; lastKnownFileType = image.png; path = start.png; sourceTree = "<group>"; };
		1AC886EE1BA86AAC00DE373A /* pause.png */ = {isa = PBXFileReference; lastKnownFileType = image.png; path = pause.png; sourceTree = "<group>"; };
		643E11601B96D47400925B3C /* MapKit.framework */ = {isa = PBXFileReference; lastKnownFileType = wrapper.framework; name = MapKit.framework; path = System/Library/Frameworks/MapKit.framework; sourceTree = SDKROOT; };
		643E11621B96D48100925B3C /* CoreLocation.framework */ = {isa = PBXFileReference; lastKnownFileType = wrapper.framework; name = CoreLocation.framework; path = System/Library/Frameworks/CoreLocation.framework; sourceTree = SDKROOT; };
		647F8B721B8B032400DF3A4F /* AppDelegate.h */ = {isa = PBXFileReference; fileEncoding = 4; lastKnownFileType = sourcecode.c.h; path = AppDelegate.h; sourceTree = "<group>"; };
		647F8B731B8B032400DF3A4F /* AppDelegate.m */ = {isa = PBXFileReference; fileEncoding = 4; lastKnownFileType = sourcecode.c.objc; path = AppDelegate.m; sourceTree = "<group>"; };
		647F8B751B8B032400DF3A4F /* Base */ = {isa = PBXFileReference; lastKnownFileType = file.xib; name = Base; path = Base.lproj/LaunchScreen.xib; sourceTree = "<group>"; };
		647F8B771B8B032400DF3A4F /* Base */ = {isa = PBXFileReference; lastKnownFileType = file.storyboard; name = Base; path = Base.lproj/Main.storyboard; sourceTree = "<group>"; };
		647F8B781B8B032400DF3A4F /* customView.h */ = {isa = PBXFileReference; fileEncoding = 4; lastKnownFileType = sourcecode.c.h; path = customView.h; sourceTree = "<group>"; };
		647F8B791B8B032400DF3A4F /* customView.m */ = {isa = PBXFileReference; fileEncoding = 4; lastKnownFileType = sourcecode.c.objc; path = customView.m; sourceTree = "<group>"; };
		647F8B7A1B8B032400DF3A4F /* firstViewController.h */ = {isa = PBXFileReference; fileEncoding = 4; lastKnownFileType = sourcecode.c.h; path = firstViewController.h; sourceTree = "<group>"; };
		647F8B7B1B8B032400DF3A4F /* firstViewController.m */ = {isa = PBXFileReference; fileEncoding = 4; lastKnownFileType = sourcecode.c.objc; path = firstViewController.m; sourceTree = "<group>"; };
		647F8B7C1B8B032400DF3A4F /* Images.xcassets */ = {isa = PBXFileReference; lastKnownFileType = folder.assetcatalog; path = Images.xcassets; sourceTree = "<group>"; };
		647F8B7D1B8B032400DF3A4F /* Info.plist */ = {isa = PBXFileReference; fileEncoding = 4; lastKnownFileType = text.plist.xml; path = Info.plist; sourceTree = "<group>"; };
		647F8B7E1B8B032400DF3A4F /* main.m */ = {isa = PBXFileReference; fileEncoding = 4; lastKnownFileType = sourcecode.c.objc; path = main.m; sourceTree = "<group>"; };
		647F8B7F1B8B032400DF3A4F /* UIView+ZCSAssociatedObjc.h */ = {isa = PBXFileReference; fileEncoding = 4; lastKnownFileType = sourcecode.c.h; path = "UIView+ZCSAssociatedObjc.h"; sourceTree = "<group>"; };
		647F8B801B8B032400DF3A4F /* UIView+ZCSAssociatedObjc.m */ = {isa = PBXFileReference; fileEncoding = 4; lastKnownFileType = sourcecode.c.objc; path = "UIView+ZCSAssociatedObjc.m"; sourceTree = "<group>"; };
		647F8B811B8B032400DF3A4F /* ViewController.h */ = {isa = PBXFileReference; fileEncoding = 4; lastKnownFileType = sourcecode.c.h; path = ViewController.h; sourceTree = "<group>"; };
		647F8B821B8B032400DF3A4F /* ViewController.m */ = {isa = PBXFileReference; fileEncoding = 4; lastKnownFileType = sourcecode.c.objc; path = ViewController.m; sourceTree = "<group>"; };
		647F8B831B8B032400DF3A4F /* ZCSViewCallBackProtocol.h */ = {isa = PBXFileReference; fileEncoding = 4; lastKnownFileType = sourcecode.c.h; path = ZCSViewCallBackProtocol.h; sourceTree = "<group>"; };
		647F8B921B8B07B800DF3A4F /* secondViewController.h */ = {isa = PBXFileReference; fileEncoding = 4; lastKnownFileType = sourcecode.c.h; path = secondViewController.h; sourceTree = "<group>"; };
		647F8B931B8B07B800DF3A4F /* secondViewController.m */ = {isa = PBXFileReference; fileEncoding = 4; lastKnownFileType = sourcecode.c.objc; path = secondViewController.m; sourceTree = "<group>"; };
		64A821B21B85883F0085B37D /* IOSStudySummaryDemo.app */ = {isa = PBXFileReference; explicitFileType = wrapper.application; includeInIndex = 0; path = IOSStudySummaryDemo.app; sourceTree = BUILT_PRODUCTS_DIR; };
		64A821CB1B8588400085B37D /* IOSStudySummaryDemoTests.xctest */ = {isa = PBXFileReference; explicitFileType = wrapper.cfbundle; includeInIndex = 0; path = IOSStudySummaryDemoTests.xctest; sourceTree = BUILT_PRODUCTS_DIR; };
		64A821D01B8588400085B37D /* Info.plist */ = {isa = PBXFileReference; lastKnownFileType = text.plist.xml; path = Info.plist; sourceTree = "<group>"; };
		64A821D11B8588400085B37D /* IOSStudySummaryDemoTests.m */ = {isa = PBXFileReference; lastKnownFileType = sourcecode.c.objc; path = IOSStudySummaryDemoTests.m; sourceTree = "<group>"; };
		64D072C91B94290100108C45 /* MCFireworksButton.h */ = {isa = PBXFileReference; fileEncoding = 4; lastKnownFileType = sourcecode.c.h; path = MCFireworksButton.h; sourceTree = "<group>"; };
		64D072CA1B94290100108C45 /* MCFireworksButton.m */ = {isa = PBXFileReference; fileEncoding = 4; lastKnownFileType = sourcecode.c.objc; path = MCFireworksButton.m; sourceTree = "<group>"; };
		64D072CB1B94290100108C45 /* MCFireworksView.h */ = {isa = PBXFileReference; fileEncoding = 4; lastKnownFileType = sourcecode.c.h; path = MCFireworksView.h; sourceTree = "<group>"; };
		64D072CC1B94290100108C45 /* MCFireworksView.m */ = {isa = PBXFileReference; fileEncoding = 4; lastKnownFileType = sourcecode.c.objc; path = MCFireworksView.m; sourceTree = "<group>"; };
		64D072D01B94295C00108C45 /* DWBubbleMenuButton.h */ = {isa = PBXFileReference; fileEncoding = 4; lastKnownFileType = sourcecode.c.h; path = DWBubbleMenuButton.h; sourceTree = "<group>"; };
		64D072D11B94295C00108C45 /* DWBubbleMenuButton.m */ = {isa = PBXFileReference; fileEncoding = 4; lastKnownFileType = sourcecode.c.objc; path = DWBubbleMenuButton.m; sourceTree = "<group>"; };
		64D072D41B9429BF00108C45 /* DCPathButton.h */ = {isa = PBXFileReference; fileEncoding = 4; lastKnownFileType = sourcecode.c.h; path = DCPathButton.h; sourceTree = "<group>"; };
		64D072D51B9429BF00108C45 /* DCPathButton.m */ = {isa = PBXFileReference; fileEncoding = 4; lastKnownFileType = sourcecode.c.objc; path = DCPathButton.m; sourceTree = "<group>"; };
		64D072D61B9429BF00108C45 /* DCPathCenterButton.h */ = {isa = PBXFileReference; fileEncoding = 4; lastKnownFileType = sourcecode.c.h; path = DCPathCenterButton.h; sourceTree = "<group>"; };
		64D072D71B9429BF00108C45 /* DCPathCenterButton.m */ = {isa = PBXFileReference; fileEncoding = 4; lastKnownFileType = sourcecode.c.objc; path = DCPathCenterButton.m; sourceTree = "<group>"; };
		64D072D81B9429BF00108C45 /* DCPathItemButton.h */ = {isa = PBXFileReference; fileEncoding = 4; lastKnownFileType = sourcecode.c.h; path = DCPathItemButton.h; sourceTree = "<group>"; };
		64D072D91B9429BF00108C45 /* DCPathItemButton.m */ = {isa = PBXFileReference; fileEncoding = 4; lastKnownFileType = sourcecode.c.objc; path = DCPathItemButton.m; sourceTree = "<group>"; };
		64D072DE1B942A1E00108C45 /* bloom.caf */ = {isa = PBXFileReference; lastKnownFileType = file; path = bloom.caf; sourceTree = "<group>"; };
		64D072DF1B942A1E00108C45 /* fold.caf */ = {isa = PBXFileReference; lastKnownFileType = file; path = fold.caf; sourceTree = "<group>"; };
		64D072E01B942A1E00108C45 /* selected.caf */ = {isa = PBXFileReference; lastKnownFileType = file; path = selected.caf; sourceTree = "<group>"; };
		64D072E51B942A6500108C45 /* chooser-button-input-highlighted@2x.png */ = {isa = PBXFileReference; lastKnownFileType = image.png; path = "chooser-button-input-highlighted@2x.png"; sourceTree = "<group>"; };
		64D072E61B942A6500108C45 /* chooser-button-input@2x.png */ = {isa = PBXFileReference; lastKnownFileType = image.png; path = "chooser-button-input@2x.png"; sourceTree = "<group>"; };
		64D072E71B942A6500108C45 /* chooser-button-tab-highlighted@2x.png */ = {isa = PBXFileReference; lastKnownFileType = image.png; path = "chooser-button-tab-highlighted@2x.png"; sourceTree = "<group>"; };
		64D072E81B942A6500108C45 /* chooser-button-tab@2x.png */ = {isa = PBXFileReference; lastKnownFileType = image.png; path = "chooser-button-tab@2x.png"; sourceTree = "<group>"; };
		64D072E91B942A6500108C45 /* chooser-moment-button-highlighted@2x.png */ = {isa = PBXFileReference; lastKnownFileType = image.png; path = "chooser-moment-button-highlighted@2x.png"; sourceTree = "<group>"; };
		64D072EA1B942A6500108C45 /* chooser-moment-button@2x.png */ = {isa = PBXFileReference; lastKnownFileType = image.png; path = "chooser-moment-button@2x.png"; sourceTree = "<group>"; };
		64D072EB1B942A6500108C45 /* chooser-moment-icon-camera-highlighted@2x.png */ = {isa = PBXFileReference; lastKnownFileType = image.png; path = "chooser-moment-icon-camera-highlighted@2x.png"; sourceTree = "<group>"; };
		64D072EC1B942A6500108C45 /* chooser-moment-icon-camera@2x.png */ = {isa = PBXFileReference; lastKnownFileType = image.png; path = "chooser-moment-icon-camera@2x.png"; sourceTree = "<group>"; };
		64D072ED1B942A6500108C45 /* chooser-moment-icon-music-highlighted@2x.png */ = {isa = PBXFileReference; lastKnownFileType = image.png; path = "chooser-moment-icon-music-highlighted@2x.png"; sourceTree = "<group>"; };
		64D072EE1B942A6500108C45 /* chooser-moment-icon-music@2x.png */ = {isa = PBXFileReference; lastKnownFileType = image.png; path = "chooser-moment-icon-music@2x.png"; sourceTree = "<group>"; };
		64D072EF1B942A6500108C45 /* chooser-moment-icon-place-highlighted@2x.png */ = {isa = PBXFileReference; lastKnownFileType = image.png; path = "chooser-moment-icon-place-highlighted@2x.png"; sourceTree = "<group>"; };
		64D072F01B942A6500108C45 /* chooser-moment-icon-place@2x.png */ = {isa = PBXFileReference; lastKnownFileType = image.png; path = "chooser-moment-icon-place@2x.png"; sourceTree = "<group>"; };
		64D072F11B942A6500108C45 /* chooser-moment-icon-sleep-highlighted@2x.png */ = {isa = PBXFileReference; lastKnownFileType = image.png; path = "chooser-moment-icon-sleep-highlighted@2x.png"; sourceTree = "<group>"; };
		64D072F21B942A6500108C45 /* chooser-moment-icon-sleep@2x.png */ = {isa = PBXFileReference; lastKnownFileType = image.png; path = "chooser-moment-icon-sleep@2x.png"; sourceTree = "<group>"; };
		64D072F31B942A6500108C45 /* chooser-moment-icon-thought-highlighted@2x.png */ = {isa = PBXFileReference; lastKnownFileType = image.png; path = "chooser-moment-icon-thought-highlighted@2x.png"; sourceTree = "<group>"; };
		64D072F41B942A6500108C45 /* chooser-moment-icon-thought@2x.png */ = {isa = PBXFileReference; lastKnownFileType = image.png; path = "chooser-moment-icon-thought@2x.png"; sourceTree = "<group>"; };
		64D072F51B942A6500108C45 /* Like-Blue@2x.png */ = {isa = PBXFileReference; lastKnownFileType = image.png; path = "Like-Blue@2x.png"; sourceTree = "<group>"; };
		64D072F61B942A6500108C45 /* Like@2x.png */ = {isa = PBXFileReference; lastKnownFileType = image.png; path = "Like@2x.png"; sourceTree = "<group>"; };
		64D072F71B942A6500108C45 /* Sparkle.png */ = {isa = PBXFileReference; lastKnownFileType = image.png; path = Sparkle.png; sourceTree = "<group>"; };
		64D25EEE1B9599B700C05F15 /* myAnnotation.h */ = {isa = PBXFileReference; fileEncoding = 4; lastKnownFileType = sourcecode.c.h; path = myAnnotation.h; sourceTree = "<group>"; };
		64D25EEF1B9599B700C05F15 /* myAnnotation.m */ = {isa = PBXFileReference; fileEncoding = 4; lastKnownFileType = sourcecode.c.objc; path = myAnnotation.m; sourceTree = "<group>"; };
		64D869F21BB23FDF002E8799 /* BaseAnimationViewController.h */ = {isa = PBXFileReference; fileEncoding = 4; lastKnownFileType = sourcecode.c.h; path = BaseAnimationViewController.h; sourceTree = "<group>"; };
		64D869F31BB23FDF002E8799 /* BaseAnimationViewController.m */ = {isa = PBXFileReference; fileEncoding = 4; lastKnownFileType = sourcecode.c.objc; path = BaseAnimationViewController.m; sourceTree = "<group>"; };
		64D869F41BB23FDF002E8799 /* ComprehensiveCaseViewController.h */ = {isa = PBXFileReference; fileEncoding = 4; lastKnownFileType = sourcecode.c.h; path = ComprehensiveCaseViewController.h; sourceTree = "<group>"; };
		64D869F51BB23FDF002E8799 /* ComprehensiveCaseViewController.m */ = {isa = PBXFileReference; fileEncoding = 4; lastKnownFileType = sourcecode.c.objc; path = ComprehensiveCaseViewController.m; sourceTree = "<group>"; };
		64D869F61BB23FDF002E8799 /* GroupAnimationViewController.h */ = {isa = PBXFileReference; fileEncoding = 4; lastKnownFileType = sourcecode.c.h; path = GroupAnimationViewController.h; sourceTree = "<group>"; };
		64D869F71BB23FDF002E8799 /* GroupAnimationViewController.m */ = {isa = PBXFileReference; fileEncoding = 4; lastKnownFileType = sourcecode.c.objc; path = GroupAnimationViewController.m; sourceTree = "<group>"; };
		64D869F81BB23FDF002E8799 /* KeyFrameAnimationViewController.h */ = {isa = PBXFileReference; fileEncoding = 4; lastKnownFileType = sourcecode.c.h; path = KeyFrameAnimationViewController.h; sourceTree = "<group>"; };
		64D869F91BB23FDF002E8799 /* KeyFrameAnimationViewController.m */ = {isa = PBXFileReference; fileEncoding = 4; lastKnownFileType = sourcecode.c.objc; path = KeyFrameAnimationViewController.m; sourceTree = "<group>"; };
		64D869FA1BB23FDF002E8799 /* TransitionAnimationViewController.h */ = {isa = PBXFileReference; fileEncoding = 4; lastKnownFileType = sourcecode.c.h; path = TransitionAnimationViewController.h; sourceTree = "<group>"; };
		64D869FB1BB23FDF002E8799 /* TransitionAnimationViewController.m */ = {isa = PBXFileReference; fileEncoding = 4; lastKnownFileType = sourcecode.c.objc; path = TransitionAnimationViewController.m; sourceTree = "<group>"; };
		64D86A021BB24023002E8799 /* PhotoBrowserController.h */ = {isa = PBXFileReference; fileEncoding = 4; lastKnownFileType = sourcecode.c.h; path = PhotoBrowserController.h; sourceTree = "<group>"; };
		64D86A031BB24023002E8799 /* PhotoBrowserController.m */ = {isa = PBXFileReference; fileEncoding = 4; lastKnownFileType = sourcecode.c.objc; path = PhotoBrowserController.m; sourceTree = "<group>"; };
		64D86A061BB2403C002E8799 /* DownloadViewController.h */ = {isa = PBXFileReference; fileEncoding = 4; lastKnownFileType = sourcecode.c.h; path = DownloadViewController.h; sourceTree = "<group>"; };
		64D86A071BB2403C002E8799 /* DownloadViewController.m */ = {isa = PBXFileReference; fileEncoding = 4; lastKnownFileType = sourcecode.c.objc; path = DownloadViewController.m; sourceTree = "<group>"; };
		64FF767D1B8C45EC0017E09F /* ZCSAnimatorTransitioning.h */ = {isa = PBXFileReference; fileEncoding = 4; lastKnownFileType = sourcecode.c.h; path = ZCSAnimatorTransitioning.h; sourceTree = "<group>"; };
		64FF767E1B8C45EC0017E09F /* ZCSAnimatorTransitioning.m */ = {isa = PBXFileReference; fileEncoding = 4; lastKnownFileType = sourcecode.c.objc; path = ZCSAnimatorTransitioning.m; sourceTree = "<group>"; };
/* End PBXFileReference section */

/* Begin PBXFrameworksBuildPhase section */
		64A821AF1B85883F0085B37D /* Frameworks */ = {
			isa = PBXFrameworksBuildPhase;
			buildActionMask = 2147483647;
			files = (
				643E11631B96D48100925B3C /* CoreLocation.framework in Frameworks */,
				643E11611B96D47400925B3C /* MapKit.framework in Frameworks */,
			);
			runOnlyForDeploymentPostprocessing = 0;
		};
		64A821C81B8588400085B37D /* Frameworks */ = {
			isa = PBXFrameworksBuildPhase;
			buildActionMask = 2147483647;
			files = (
			);
			runOnlyForDeploymentPostprocessing = 0;
		};
/* End PBXFrameworksBuildPhase section */

/* Begin PBXGroup section */
		647F8B711B8B032400DF3A4F /* IOSStudySummaryDemo */ = {
			isa = PBXGroup;
			children = (
				647F8B721B8B032400DF3A4F /* AppDelegate.h */,
				647F8B731B8B032400DF3A4F /* AppDelegate.m */,
				647F8B8F1B8B035E00DF3A4F /* Controller */,
				647F8B8E1B8B035400DF3A4F /* View */,
				647F8B901B8B038300DF3A4F /* Ex */,
				647F8B911B8B03D200DF3A4F /* Supporting Files */,
			);
			path = IOSStudySummaryDemo;
			sourceTree = "<group>";
		};
		647F8B8E1B8B035400DF3A4F /* View */ = {
			isa = PBXGroup;
			children = (
				647F8B781B8B032400DF3A4F /* customView.h */,
				647F8B791B8B032400DF3A4F /* customView.m */,
			);
			name = View;
			sourceTree = "<group>";
		};
		647F8B8F1B8B035E00DF3A4F /* Controller */ = {
			isa = PBXGroup;
			children = (
				647F8B7A1B8B032400DF3A4F /* firstViewController.h */,
				647F8B921B8B07B800DF3A4F /* secondViewController.h */,
				647F8B811B8B032400DF3A4F /* ViewController.h */,
				647F8B7B1B8B032400DF3A4F /* firstViewController.m */,
				647F8B931B8B07B800DF3A4F /* secondViewController.m */,
				647F8B821B8B032400DF3A4F /* ViewController.m */,
				64D869F11BB23FDF002E8799 /* Animation */,
				64D86A051BB2403C002E8799 /* NetWorkTransfer */,
				64D86A011BB24023002E8799 /* PhotoShow */,
			);
			name = Controller;
			sourceTree = "<group>";
		};
		647F8B901B8B038300DF3A4F /* Ex */ = {
			isa = PBXGroup;
			children = (
				64D072D31B9429BF00108C45 /* DCPathButton */,
				64D072CF1B94295C00108C45 /* DWBubbleMenuButton */,
				64D072C81B94290100108C45 /* MCFireworksButton */,
				647F8B7F1B8B032400DF3A4F /* UIView+ZCSAssociatedObjc.h */,
				647F8B801B8B032400DF3A4F /* UIView+ZCSAssociatedObjc.m */,
				647F8B831B8B032400DF3A4F /* ZCSViewCallBackProtocol.h */,
				64FF767D1B8C45EC0017E09F /* ZCSAnimatorTransitioning.h */,
				64FF767E1B8C45EC0017E09F /* ZCSAnimatorTransitioning.m */,
				64D25EEE1B9599B700C05F15 /* myAnnotation.h */,
				64D25EEF1B9599B700C05F15 /* myAnnotation.m */,
			);
			name = Ex;
			sourceTree = "<group>";
		};
		647F8B911B8B03D200DF3A4F /* Supporting Files */ = {
			isa = PBXGroup;
			children = (
				64D072E41B942A6500108C45 /* image */,
				64D072DD1B942A1E00108C45 /* Sounds */,
				647F8B741B8B032400DF3A4F /* LaunchScreen.xib */,
				647F8B761B8B032400DF3A4F /* Main.storyboard */,
				647F8B7C1B8B032400DF3A4F /* Images.xcassets */,
				647F8B7D1B8B032400DF3A4F /* Info.plist */,
				647F8B7E1B8B032400DF3A4F /* main.m */,
				1AA5B9BB1B90A4040021B9D0 /* PrefixHeader.pch */,
			);
			name = "Supporting Files";
			sourceTree = "<group>";
		};
		64A821A91B85883F0085B37D = {
			isa = PBXGroup;
			children = (
				643E11621B96D48100925B3C /* CoreLocation.framework */,
				643E11601B96D47400925B3C /* MapKit.framework */,
				647F8B711B8B032400DF3A4F /* IOSStudySummaryDemo */,
				64A821CE1B8588400085B37D /* IOSStudySummaryDemoTests */,
				64A821B31B85883F0085B37D /* Products */,
			);
			sourceTree = "<group>";
		};
		64A821B31B85883F0085B37D /* Products */ = {
			isa = PBXGroup;
			children = (
				64A821B21B85883F0085B37D /* IOSStudySummaryDemo.app */,
				64A821CB1B8588400085B37D /* IOSStudySummaryDemoTests.xctest */,
			);
			name = Products;
			sourceTree = "<group>";
		};
		64A821CE1B8588400085B37D /* IOSStudySummaryDemoTests */ = {
			isa = PBXGroup;
			children = (
				64A821D11B8588400085B37D /* IOSStudySummaryDemoTests.m */,
				64A821CF1B8588400085B37D /* Supporting Files */,
			);
			path = IOSStudySummaryDemoTests;
			sourceTree = "<group>";
		};
		64A821CF1B8588400085B37D /* Supporting Files */ = {
			isa = PBXGroup;
			children = (
				64A821D01B8588400085B37D /* Info.plist */,
			);
			name = "Supporting Files";
			sourceTree = "<group>";
		};
		64D072C81B94290100108C45 /* MCFireworksButton */ = {
			isa = PBXGroup;
			children = (
				64D072C91B94290100108C45 /* MCFireworksButton.h */,
				64D072CA1B94290100108C45 /* MCFireworksButton.m */,
				64D072CB1B94290100108C45 /* MCFireworksView.h */,
				64D072CC1B94290100108C45 /* MCFireworksView.m */,
			);
			path = MCFireworksButton;
			sourceTree = "<group>";
		};
		64D072CF1B94295C00108C45 /* DWBubbleMenuButton */ = {
			isa = PBXGroup;
			children = (
				64D072D01B94295C00108C45 /* DWBubbleMenuButton.h */,
				64D072D11B94295C00108C45 /* DWBubbleMenuButton.m */,
			);
			path = DWBubbleMenuButton;
			sourceTree = "<group>";
		};
		64D072D31B9429BF00108C45 /* DCPathButton */ = {
			isa = PBXGroup;
			children = (
				64D072D41B9429BF00108C45 /* DCPathButton.h */,
				64D072D51B9429BF00108C45 /* DCPathButton.m */,
				64D072D61B9429BF00108C45 /* DCPathCenterButton.h */,
				64D072D71B9429BF00108C45 /* DCPathCenterButton.m */,
				64D072D81B9429BF00108C45 /* DCPathItemButton.h */,
				64D072D91B9429BF00108C45 /* DCPathItemButton.m */,
			);
			path = DCPathButton;
			sourceTree = "<group>";
		};
		64D072DD1B942A1E00108C45 /* Sounds */ = {
			isa = PBXGroup;
			children = (
				64D072DE1B942A1E00108C45 /* bloom.caf */,
				64D072DF1B942A1E00108C45 /* fold.caf */,
				64D072E01B942A1E00108C45 /* selected.caf */,
			);
			path = Sounds;
			sourceTree = "<group>";
		};
		64D072E41B942A6500108C45 /* image */ = {
			isa = PBXGroup;
			children = (
				64D072E51B942A6500108C45 /* chooser-button-input-highlighted@2x.png */,
				64D072E61B942A6500108C45 /* chooser-button-input@2x.png */,
				64D072E71B942A6500108C45 /* chooser-button-tab-highlighted@2x.png */,
				64D072E81B942A6500108C45 /* chooser-button-tab@2x.png */,
				64D072E91B942A6500108C45 /* chooser-moment-button-highlighted@2x.png */,
				64D072EA1B942A6500108C45 /* chooser-moment-button@2x.png */,
				64D072EB1B942A6500108C45 /* chooser-moment-icon-camera-highlighted@2x.png */,
				64D072EC1B942A6500108C45 /* chooser-moment-icon-camera@2x.png */,
				64D072ED1B942A6500108C45 /* chooser-moment-icon-music-highlighted@2x.png */,
				64D072EE1B942A6500108C45 /* chooser-moment-icon-music@2x.png */,
				64D072EF1B942A6500108C45 /* chooser-moment-icon-place-highlighted@2x.png */,
				64D072F01B942A6500108C45 /* chooser-moment-icon-place@2x.png */,
				64D072F11B942A6500108C45 /* chooser-moment-icon-sleep-highlighted@2x.png */,
				64D072F21B942A6500108C45 /* chooser-moment-icon-sleep@2x.png */,
				64D072F31B942A6500108C45 /* chooser-moment-icon-thought-highlighted@2x.png */,
				64D072F41B942A6500108C45 /* chooser-moment-icon-thought@2x.png */,
				64D072F51B942A6500108C45 /* Like-Blue@2x.png */,
				64D072F61B942A6500108C45 /* Like@2x.png */,
				64D072F71B942A6500108C45 /* Sparkle.png */,
				1AC886EC1BA86A9800DE373A /* start.png */,
				1AC886EE1BA86AAC00DE373A /* pause.png */,
			);
			path = image;
			sourceTree = "<group>";
		};
		64D869F11BB23FDF002E8799 /* Animation */ = {
			isa = PBXGroup;
			children = (
				64D869F21BB23FDF002E8799 /* BaseAnimationViewController.h */,
				64D869F31BB23FDF002E8799 /* BaseAnimationViewController.m */,
				64D869F41BB23FDF002E8799 /* ComprehensiveCaseViewController.h */,
				64D869F51BB23FDF002E8799 /* ComprehensiveCaseViewController.m */,
				64D869F61BB23FDF002E8799 /* GroupAnimationViewController.h */,
				64D869F71BB23FDF002E8799 /* GroupAnimationViewController.m */,
				64D869F81BB23FDF002E8799 /* KeyFrameAnimationViewController.h */,
				64D869F91BB23FDF002E8799 /* KeyFrameAnimationViewController.m */,
				64D869FA1BB23FDF002E8799 /* TransitionAnimationViewController.h */,
				64D869FB1BB23FDF002E8799 /* TransitionAnimationViewController.m */,
			);
			path = Animation;
			sourceTree = "<group>";
		};
		64D86A011BB24023002E8799 /* PhotoShow */ = {
			isa = PBXGroup;
			children = (
				64D86A021BB24023002E8799 /* PhotoBrowserController.h */,
				64D86A031BB24023002E8799 /* PhotoBrowserController.m */,
			);
			path = PhotoShow;
			sourceTree = "<group>";
		};
		64D86A051BB2403C002E8799 /* NetWorkTransfer */ = {
			isa = PBXGroup;
			children = (
				64D86A061BB2403C002E8799 /* DownloadViewController.h */,
				64D86A071BB2403C002E8799 /* DownloadViewController.m */,
			);
			path = NetWorkTransfer;
			sourceTree = "<group>";
		};
/* End PBXGroup section */

/* Begin PBXNativeTarget section */
		64A821B11B85883F0085B37D /* IOSStudySummaryDemo */ = {
			isa = PBXNativeTarget;
			buildConfigurationList = 64A821D51B8588400085B37D /* Build configuration list for PBXNativeTarget "IOSStudySummaryDemo" */;
			buildPhases = (
				64A821AE1B85883F0085B37D /* Sources */,
				64A821AF1B85883F0085B37D /* Frameworks */,
				64A821B01B85883F0085B37D /* Resources */,
			);
			buildRules = (
			);
			dependencies = (
			);
			name = IOSStudySummaryDemo;
			productName = IOSStudySummaryDemo;
			productReference = 64A821B21B85883F0085B37D /* IOSStudySummaryDemo.app */;
			productType = "com.apple.product-type.application";
		};
		64A821CA1B8588400085B37D /* IOSStudySummaryDemoTests */ = {
			isa = PBXNativeTarget;
			buildConfigurationList = 64A821D81B8588400085B37D /* Build configuration list for PBXNativeTarget "IOSStudySummaryDemoTests" */;
			buildPhases = (
				64A821C71B8588400085B37D /* Sources */,
				64A821C81B8588400085B37D /* Frameworks */,
				64A821C91B8588400085B37D /* Resources */,
			);
			buildRules = (
			);
			dependencies = (
				64A821CD1B8588400085B37D /* PBXTargetDependency */,
			);
			name = IOSStudySummaryDemoTests;
			productName = IOSStudySummaryDemoTests;
			productReference = 64A821CB1B8588400085B37D /* IOSStudySummaryDemoTests.xctest */;
			productType = "com.apple.product-type.bundle.unit-test";
		};
/* End PBXNativeTarget section */

/* Begin PBXProject section */
		64A821AA1B85883F0085B37D /* Project object */ = {
			isa = PBXProject;
			attributes = {
				LastUpgradeCheck = 0620;
				ORGANIZATIONNAME = huawei;
				TargetAttributes = {
					64A821B11B85883F0085B37D = {
						CreatedOnToolsVersion = 6.2;
						DevelopmentTeam = 8LM9AMKE5Y;
					};
					64A821CA1B8588400085B37D = {
						CreatedOnToolsVersion = 6.2;
						TestTargetID = 64A821B11B85883F0085B37D;
					};
				};
			};
			buildConfigurationList = 64A821AD1B85883F0085B37D /* Build configuration list for PBXProject "IOSStudySummaryDemo" */;
			compatibilityVersion = "Xcode 3.2";
			developmentRegion = English;
			hasScannedForEncodings = 0;
			knownRegions = (
				en,
				Base,
			);
			mainGroup = 64A821A91B85883F0085B37D;
			productRefGroup = 64A821B31B85883F0085B37D /* Products */;
			projectDirPath = "";
			projectRoot = "";
			targets = (
				64A821B11B85883F0085B37D /* IOSStudySummaryDemo */,
				64A821CA1B8588400085B37D /* IOSStudySummaryDemoTests */,
			);
		};
/* End PBXProject section */

/* Begin PBXResourcesBuildPhase section */
		64A821B01B85883F0085B37D /* Resources */ = {
			isa = PBXResourcesBuildPhase;
			buildActionMask = 2147483647;
			files = (
				64D072FA1B942A6500108C45 /* chooser-button-tab-highlighted@2x.png in Resources */,
				647F8B8A1B8B032400DF3A4F /* Info.plist in Resources */,
				64D072FD1B942A6500108C45 /* chooser-moment-button@2x.png in Resources */,
				64D073061B942A6500108C45 /* chooser-moment-icon-thought-highlighted@2x.png in Resources */,
				647F8B891B8B032400DF3A4F /* Images.xcassets in Resources */,
				64D073091B942A6500108C45 /* Like@2x.png in Resources */,
				647F8B851B8B032400DF3A4F /* LaunchScreen.xib in Resources */,
				64D073051B942A6500108C45 /* chooser-moment-icon-sleep@2x.png in Resources */,
				64D073021B942A6500108C45 /* chooser-moment-icon-place-highlighted@2x.png in Resources */,
				64D072FC1B942A6500108C45 /* chooser-moment-button-highlighted@2x.png in Resources */,
				1AC886EF1BA86AAC00DE373A /* pause.png in Resources */,
				64D073041B942A6500108C45 /* chooser-moment-icon-sleep-highlighted@2x.png in Resources */,
				64D072F91B942A6500108C45 /* chooser-button-input@2x.png in Resources */,
				64D072F81B942A6500108C45 /* chooser-button-input-highlighted@2x.png in Resources */,
				64D073031B942A6500108C45 /* chooser-moment-icon-place@2x.png in Resources */,
				64D072E21B942A1E00108C45 /* fold.caf in Resources */,
				64D072FF1B942A6500108C45 /* chooser-moment-icon-camera@2x.png in Resources */,
				64D072FB1B942A6500108C45 /* chooser-button-tab@2x.png in Resources */,
				64D073001B942A6500108C45 /* chooser-moment-icon-music-highlighted@2x.png in Resources */,
				64D0730A1B942A6500108C45 /* Sparkle.png in Resources */,
				1AC886ED1BA86A9800DE373A /* start.png in Resources */,
				64D073071B942A6500108C45 /* chooser-moment-icon-thought@2x.png in Resources */,
				64D072E11B942A1E00108C45 /* bloom.caf in Resources */,
				647F8B861B8B032400DF3A4F /* Main.storyboard in Resources */,
				64D072FE1B942A6500108C45 /* chooser-moment-icon-camera-highlighted@2x.png in Resources */,
				64D073011B942A6500108C45 /* chooser-moment-icon-music@2x.png in Resources */,
				64D072E31B942A1E00108C45 /* selected.caf in Resources */,
				64D073081B942A6500108C45 /* Like-Blue@2x.png in Resources */,
			);
			runOnlyForDeploymentPostprocessing = 0;
		};
		64A821C91B8588400085B37D /* Resources */ = {
			isa = PBXResourcesBuildPhase;
			buildActionMask = 2147483647;
			files = (
			);
			runOnlyForDeploymentPostprocessing = 0;
		};
/* End PBXResourcesBuildPhase section */

/* Begin PBXSourcesBuildPhase section */
		64A821AE1B85883F0085B37D /* Sources */ = {
			isa = PBXSourcesBuildPhase;
			buildActionMask = 2147483647;
			files = (
				64D072DA1B9429BF00108C45 /* DCPathButton.m in Sources */,
				647F8B8D1B8B032400DF3A4F /* ViewController.m in Sources */,
				64D869FC1BB23FDF002E8799 /* BaseAnimationViewController.m in Sources */,
				64D869FE1BB23FDF002E8799 /* GroupAnimationViewController.m in Sources */,
				64FF767F1B8C45EC0017E09F /* ZCSAnimatorTransitioning.m in Sources */,
				647F8B841B8B032400DF3A4F /* AppDelegate.m in Sources */,
				647F8B941B8B07B800DF3A4F /* secondViewController.m in Sources */,
				64D869FF1BB23FDF002E8799 /* KeyFrameAnimationViewController.m in Sources */,
				647F8B8C1B8B032400DF3A4F /* UIView+ZCSAssociatedObjc.m in Sources */,
				64D86A041BB24023002E8799 /* PhotoBrowserController.m in Sources */,
				64D86A081BB2403C002E8799 /* DownloadViewController.m in Sources */,
				64D25EF01B9599B700C05F15 /* myAnnotation.m in Sources */,
				647F8B881B8B032400DF3A4F /* firstViewController.m in Sources */,
				647F8B8B1B8B032400DF3A4F /* main.m in Sources */,
				64D86A001BB23FDF002E8799 /* TransitionAnimationViewController.m in Sources */,
				64D072D21B94295C00108C45 /* DWBubbleMenuButton.m in Sources */,
				64D072CE1B94290100108C45 /* MCFireworksView.m in Sources */,
				64D072CD1B94290100108C45 /* MCFireworksButton.m in Sources */,
				64D072DC1B9429BF00108C45 /* DCPathItemButton.m in Sources */,
				64D869FD1BB23FDF002E8799 /* ComprehensiveCaseViewController.m in Sources */,
				64D072DB1B9429BF00108C45 /* DCPathCenterButton.m in Sources */,
				647F8B871B8B032400DF3A4F /* customView.m in Sources */,
			);
			runOnlyForDeploymentPostprocessing = 0;
		};
		64A821C71B8588400085B37D /* Sources */ = {
			isa = PBXSourcesBuildPhase;
			buildActionMask = 2147483647;
			files = (
				64A821D21B8588400085B37D /* IOSStudySummaryDemoTests.m in Sources */,
			);
			runOnlyForDeploymentPostprocessing = 0;
		};
/* End PBXSourcesBuildPhase section */

/* Begin PBXTargetDependency section */
		64A821CD1B8588400085B37D /* PBXTargetDependency */ = {
			isa = PBXTargetDependency;
			target = 64A821B11B85883F0085B37D /* IOSStudySummaryDemo */;
			targetProxy = 64A821CC1B8588400085B37D /* PBXContainerItemProxy */;
		};
/* End PBXTargetDependency section */

/* Begin PBXVariantGroup section */
		647F8B741B8B032400DF3A4F /* LaunchScreen.xib */ = {
			isa = PBXVariantGroup;
			children = (
				647F8B751B8B032400DF3A4F /* Base */,
			);
			name = LaunchScreen.xib;
			sourceTree = "<group>";
		};
		647F8B761B8B032400DF3A4F /* Main.storyboard */ = {
			isa = PBXVariantGroup;
			children = (
				647F8B771B8B032400DF3A4F /* Base */,
			);
			name = Main.storyboard;
			sourceTree = "<group>";
		};
/* End PBXVariantGroup section */

/* Begin XCBuildConfiguration section */
		64A821D31B8588400085B37D /* Debug */ = {
			isa = XCBuildConfiguration;
			buildSettings = {
				ALWAYS_SEARCH_USER_PATHS = NO;
				CLANG_CXX_LANGUAGE_STANDARD = "gnu++0x";
				CLANG_CXX_LIBRARY = "libc++";
				CLANG_ENABLE_MODULES = YES;
				CLANG_ENABLE_OBJC_ARC = YES;
				CLANG_WARN_BOOL_CONVERSION = YES;
				CLANG_WARN_CONSTANT_CONVERSION = YES;
				CLANG_WARN_DIRECT_OBJC_ISA_USAGE = YES_ERROR;
				CLANG_WARN_EMPTY_BODY = YES;
				CLANG_WARN_ENUM_CONVERSION = YES;
				CLANG_WARN_INT_CONVERSION = YES;
				CLANG_WARN_OBJC_ROOT_CLASS = YES_ERROR;
				CLANG_WARN_UNREACHABLE_CODE = YES;
				CLANG_WARN__DUPLICATE_METHOD_MATCH = YES;
				"CODE_SIGN_IDENTITY[sdk=iphoneos*]" = "iPhone Developer";
				COPY_PHASE_STRIP = NO;
				ENABLE_STRICT_OBJC_MSGSEND = YES;
				GCC_C_LANGUAGE_STANDARD = gnu99;
				GCC_DYNAMIC_NO_PIC = NO;
				GCC_OPTIMIZATION_LEVEL = 0;
				GCC_PREPROCESSOR_DEFINITIONS = (
					"DEBUG=1",
					"$(inherited)",
				);
				GCC_SYMBOLS_PRIVATE_EXTERN = NO;
				GCC_WARN_64_TO_32_BIT_CONVERSION = YES;
				GCC_WARN_ABOUT_RETURN_TYPE = YES_ERROR;
				GCC_WARN_UNDECLARED_SELECTOR = YES;
				GCC_WARN_UNINITIALIZED_AUTOS = YES_AGGRESSIVE;
				GCC_WARN_UNUSED_FUNCTION = YES;
				GCC_WARN_UNUSED_VARIABLE = YES;
				IPHONEOS_DEPLOYMENT_TARGET = 8.2;
				MTL_ENABLE_DEBUG_INFO = YES;
				ONLY_ACTIVE_ARCH = YES;
				SDKROOT = iphoneos;
			};
			name = Debug;
		};
		64A821D41B8588400085B37D /* Release */ = {
			isa = XCBuildConfiguration;
			buildSettings = {
				ALWAYS_SEARCH_USER_PATHS = NO;
				CLANG_CXX_LANGUAGE_STANDARD = "gnu++0x";
				CLANG_CXX_LIBRARY = "libc++";
				CLANG_ENABLE_MODULES = YES;
				CLANG_ENABLE_OBJC_ARC = YES;
				CLANG_WARN_BOOL_CONVERSION = YES;
				CLANG_WARN_CONSTANT_CONVERSION = YES;
				CLANG_WARN_DIRECT_OBJC_ISA_USAGE = YES_ERROR;
				CLANG_WARN_EMPTY_BODY = YES;
				CLANG_WARN_ENUM_CONVERSION = YES;
				CLANG_WARN_INT_CONVERSION = YES;
				CLANG_WARN_OBJC_ROOT_CLASS = YES_ERROR;
				CLANG_WARN_UNREACHABLE_CODE = YES;
				CLANG_WARN__DUPLICATE_METHOD_MATCH = YES;
				"CODE_SIGN_IDENTITY[sdk=iphoneos*]" = "iPhone Developer";
				COPY_PHASE_STRIP = NO;
				ENABLE_NS_ASSERTIONS = NO;
				ENABLE_STRICT_OBJC_MSGSEND = YES;
				GCC_C_LANGUAGE_STANDARD = gnu99;
				GCC_WARN_64_TO_32_BIT_CONVERSION = YES;
				GCC_WARN_ABOUT_RETURN_TYPE = YES_ERROR;
				GCC_WARN_UNDECLARED_SELECTOR = YES;
				GCC_WARN_UNINITIALIZED_AUTOS = YES_AGGRESSIVE;
				GCC_WARN_UNUSED_FUNCTION = YES;
				GCC_WARN_UNUSED_VARIABLE = YES;
				IPHONEOS_DEPLOYMENT_TARGET = 8.2;
				MTL_ENABLE_DEBUG_INFO = NO;
				SDKROOT = iphoneos;
				VALIDATE_PRODUCT = YES;
			};
			name = Release;
		};
		64A821D61B8588400085B37D /* Debug */ = {
			isa = XCBuildConfiguration;
			buildSettings = {
				ASSETCATALOG_COMPILER_APPICON_NAME = AppIcon;
				CODE_SIGN_IDENTITY = "iPhone Developer";
				ENABLE_STRICT_OBJC_MSGSEND = NO;
				GCC_PREFIX_HEADER = "$(SRCROOT)/IOSStudySummaryDemo/PrefixHeader.pch";
				INFOPLIST_FILE = IOSStudySummaryDemo/Info.plist;
				IPHONEOS_DEPLOYMENT_TARGET = 8.0;
				LD_RUNPATH_SEARCH_PATHS = "$(inherited) @executable_path/Frameworks";
				PRODUCT_NAME = "$(TARGET_NAME)";
			};
			name = Debug;
		};
		64A821D71B8588400085B37D /* Release */ = {
			isa = XCBuildConfiguration;
			buildSettings = {
				ASSETCATALOG_COMPILER_APPICON_NAME = AppIcon;
				CODE_SIGN_IDENTITY = "iPhone Developer";
				ENABLE_STRICT_OBJC_MSGSEND = NO;
				GCC_PREFIX_HEADER = "$(SRCROOT)/IOSStudySummaryDemo/PrefixHeader.pch";
				INFOPLIST_FILE = IOSStudySummaryDemo/Info.plist;
				IPHONEOS_DEPLOYMENT_TARGET = 8.0;
				LD_RUNPATH_SEARCH_PATHS = "$(inherited) @executable_path/Frameworks";
				PRODUCT_NAME = "$(TARGET_NAME)";
			};
			name = Release;
		};
		64A821D91B8588400085B37D /* Debug */ = {
			isa = XCBuildConfiguration;
			buildSettings = {
				BUNDLE_LOADER = "$(TEST_HOST)";
				FRAMEWORK_SEARCH_PATHS = (
					"$(SDKROOT)/Developer/Library/Frameworks",
					"$(inherited)",
				);
				GCC_PREPROCESSOR_DEFINITIONS = (
					"DEBUG=1",
					"$(inherited)",
				);
				INFOPLIST_FILE = IOSStudySummaryDemoTests/Info.plist;
				LD_RUNPATH_SEARCH_PATHS = "$(inherited) @executable_path/Frameworks @loader_path/Frameworks";
				PRODUCT_NAME = "$(TARGET_NAME)";
				TEST_HOST = "$(BUILT_PRODUCTS_DIR)/IOSStudySummaryDemo.app/IOSStudySummaryDemo";
			};
			name = Debug;
		};
		64A821DA1B8588400085B37D /* Release */ = {
			isa = XCBuildConfiguration;
			buildSettings = {
				BUNDLE_LOADER = "$(TEST_HOST)";
				FRAMEWORK_SEARCH_PATHS = (
					"$(SDKROOT)/Developer/Library/Frameworks",
					"$(inherited)",
				);
				INFOPLIST_FILE = IOSStudySummaryDemoTests/Info.plist;
				LD_RUNPATH_SEARCH_PATHS = "$(inherited) @executable_path/Frameworks @loader_path/Frameworks";
				PRODUCT_NAME = "$(TARGET_NAME)";
				TEST_HOST = "$(BUILT_PRODUCTS_DIR)/IOSStudySummaryDemo.app/IOSStudySummaryDemo";
			};
			name = Release;
		};
/* End XCBuildConfiguration section */

/* Begin XCConfigurationList section */
		64A821AD1B85883F0085B37D /* Build configuration list for PBXProject "IOSStudySummaryDemo" */ = {
			isa = XCConfigurationList;
			buildConfigurations = (
				64A821D31B8588400085B37D /* Debug */,
				64A821D41B8588400085B37D /* Release */,
			);
			defaultConfigurationIsVisible = 0;
			defaultConfigurationName = Release;
		};
		64A821D51B8588400085B37D /* Build configuration list for PBXNativeTarget "IOSStudySummaryDemo" */ = {
			isa = XCConfigurationList;
			buildConfigurations = (
				64A821D61B8588400085B37D /* Debug */,
				64A821D71B8588400085B37D /* Release */,
			);
			defaultConfigurationIsVisible = 0;
			defaultConfigurationName = Release;
		};
		64A821D81B8588400085B37D /* Build configuration list for PBXNativeTarget "IOSStudySummaryDemoTests" */ = {
			isa = XCConfigurationList;
			buildConfigurations = (
				64A821D91B8588400085B37D /* Debug */,
				64A821DA1B8588400085B37D /* Release */,
			);
			defaultConfigurationIsVisible = 0;
			defaultConfigurationName = Release;
		};
/* End XCConfigurationList section */
	};
	rootObject = 64A821AA1B85883F0085B37D /* Project object */;
}
